// !$*UTF8*$!
{
	archiveVersion = 1;
	classes = {
	};
	objectVersion = 46;
	objects = {

/* Begin PBXBuildFile section */
		BCFD95B71C02EEC4007F96EE /* main.m in Sources */ = {isa = PBXBuildFile; fileRef = BCFD95B61C02EEC4007F96EE /* main.m */; };
		BCFD95BA1C02EEC4007F96EE /* AppDelegate.m in Sources */ = {isa = PBXBuildFile; fileRef = BCFD95B91C02EEC4007F96EE /* AppDelegate.m */; };
		BCFD95BD1C02EEC4007F96EE /* ViewController.m in Sources */ = {isa = PBXBuildFile; fileRef = BCFD95BC1C02EEC4007F96EE /* ViewController.m */; };
		BCFD95C01C02EEC4007F96EE /* Main.storyboard in Resources */ = {isa = PBXBuildFile; fileRef = BCFD95BE1C02EEC4007F96EE /* Main.storyboard */; };
		BCFD95C21C02EEC4007F96EE /* Images.xcassets in Resources */ = {isa = PBXBuildFile; fileRef = BCFD95C11C02EEC4007F96EE /* Images.xcassets */; };
		BCFD95C51C02EEC4007F96EE /* LaunchScreen.xib in Resources */ = {isa = PBXBuildFile; fileRef = BCFD95C31C02EEC4007F96EE /* LaunchScreen.xib */; };
		BCFD95D11C02EEC4007F96EE /* twoTests.m in Sources */ = {isa = PBXBuildFile; fileRef = BCFD95D01C02EEC4007F96EE /* twoTests.m */; };
/* End PBXBuildFile section */

/* Begin PBXContainerItemProxy section */
		BCFD95CB1C02EEC4007F96EE /* PBXContainerItemProxy */ = {
			isa = PBXContainerItemProxy;
			containerPortal = BCFD95A91C02EEC4007F96EE /* Project object */;
			proxyType = 1;
			remoteGlobalIDString = BCFD95B01C02EEC4007F96EE;
			remoteInfo = two;
		};
/* End PBXContainerItemProxy section */

/* Begin PBXFileReference section */
		BCFD95B11C02EEC4007F96EE /* two.app */ = {isa = PBXFileReference; explicitFileType = wrapper.application; includeInIndex = 0; path = two.app; sourceTree = BUILT_PRODUCTS_DIR; };
		BCFD95B51C02EEC4007F96EE /* Info.plist */ = {isa = PBXFileReference; lastKnownFileType = text.plist.xml; path = Info.plist; sourceTree = "<group>"; };
		BCFD95B61C02EEC4007F96EE /* main.m */ = {isa = PBXFileReference; lastKnownFileType = sourcecode.c.objc; path = main.m; sourceTree = "<group>"; };
		BCFD95B81C02EEC4007F96EE /* AppDelegate.h */ = {isa = PBXFileReference; lastKnownFileType = sourcecode.c.h; path = AppDelegate.h; sourceTree = "<group>"; };
		BCFD95B91C02EEC4007F96EE /* AppDelegate.m */ = {isa = PBXFileReference; lastKnownFileType = sourcecode.c.objc; path = AppDelegate.m; sourceTree = "<group>"; };
		BCFD95BB1C02EEC4007F96EE /* ViewController.h */ = {isa = PBXFileReference; lastKnownFileType = sourcecode.c.h; path = ViewController.h; sourceTree = "<group>"; };
		BCFD95BC1C02EEC4007F96EE /* ViewController.m */ = {isa = PBXFileReference; lastKnownFileType = sourcecode.c.objc; path = ViewController.m; sourceTree = "<group>"; };
		BCFD95BF1C02EEC4007F96EE /* Base */ = {isa = PBXFileReference; lastKnownFileType = file.storyboard; name = Base; path = Base.lproj/Main.storyboard; sourceTree = "<group>"; };
		BCFD95C11C02EEC4007F96EE /* Images.xcassets */ = {isa = PBXFileReference; lastKnownFileType = folder.assetcatalog; path = Images.xcassets; sourceTree = "<group>"; };
		BCFD95C41C02EEC4007F96EE /* Base */ = {isa = PBXFileReference; lastKnownFileType = file.xib; name = Base; path = Base.lproj/LaunchScreen.xib; sourceTree = "<group>"; };
		BCFD95CA1C02EEC4007F96EE /* twoTests.xctest */ = {isa = PBXFileReference; explicitFileType = wrapper.cfbundle; includeInIndex = 0; path = twoTests.xctest; sourceTree = BUILT_PRODUCTS_DIR; };
		BCFD95CF1C02EEC4007F96EE /* Info.plist */ = {isa = PBXFileReference; lastKnownFileType = text.plist.xml; path = Info.plist; sourceTree = "<group>"; };
		BCFD95D01C02EEC4007F96EE /* twoTests.m */ = {isa = PBXFileReference; lastKnownFileType = sourcecode.c.objc; path = twoTests.m; sourceTree = "<group>"; };
/* End PBXFileReference section */

/* Begin PBXFrameworksBuildPhase section */
		BCFD95AE1C02EEC4007F96EE /* Frameworks */ = {
			isa = PBXFrameworksBuildPhase;
			buildActionMask = 2147483647;
			files = (
			);
			runOnlyForDeploymentPostprocessing = 0;
		};
		BCFD95C71C02EEC4007F96EE /* Frameworks */ = {
			isa = PBXFrameworksBuildPhase;
			buildActionMask = 2147483647;
			files = (
			);
			runOnlyForDeploymentPostprocessing = 0;
		};
/* End PBXFrameworksBuildPhase section */

/* Begin PBXGroup section */
		BCFD95A81C02EEC4007F96EE = {
			isa = PBXGroup;
			children = (
				BCFD95B31C02EEC4007F96EE /* two */,
				BCFD95CD1C02EEC4007F96EE /* twoTests */,
				BCFD95B21C02EEC4007F96EE /* Products */,
			);
			sourceTree = "<group>";
		};
		BCFD95B21C02EEC4007F96EE /* Products */ = {
			isa = PBXGroup;
			children = (
				BCFD95B11C02EEC4007F96EE /* two.app */,
				BCFD95CA1C02EEC4007F96EE /* twoTests.xctest */,
			);
			name = Products;
			sourceTree = "<group>";
		};
		BCFD95B31C02EEC4007F96EE /* two */ = {
			isa = PBXGroup;
			children = (
				BCFD95B81C02EEC4007F96EE /* AppDelegate.h */,
				BCFD95B91C02EEC4007F96EE /* AppDelegate.m */,
				BCFD95BB1C02EEC4007F96EE /* ViewController.h */,
				BCFD95BC1C02EEC4007F96EE /* ViewController.m */,
				BCFD95BE1C02EEC4007F96EE /* Main.storyboard */,
				BCFD95C11C02EEC4007F96EE /* Images.xcassets */,
				BCFD95C31C02EEC4007F96EE /* LaunchScreen.xib */,
				BCFD95B41C02EEC4007F96EE /* Supporting Files */,
			);
			path = two;
			sourceTree = "<group>";
		};
		BCFD95B41C02EEC4007F96EE /* Supporting Files */ = {
			isa = PBXGroup;
			children = (
				BCFD95B51C02EEC4007F96EE /* Info.plist */,
				BCFD95B61C02EEC4007F96EE /* main.m */,
			);
			name = "Supporting Files";
			sourceTree = "<group>";
		};
		BCFD95CD1C02EEC4007F96EE /* twoTests */ = {
			isa = PBXGroup;
			children = (
				BCFD95D01C02EEC4007F96EE /* twoTests.m */,
				BCFD95CE1C02EEC4007F96EE /* Supporting Files */,
			);
			path = twoTests;
			sourceTree = "<group>";
		};
		BCFD95CE1C02EEC4007F96EE /* Supporting Files */ = {
			isa = PBXGroup;
			children = (
				BCFD95CF1C02EEC4007F96EE /* Info.plist */,
			);
			name = "Supporting Files";
			sourceTree = "<group>";
		};
/* End PBXGroup section */

/* Begin PBXNativeTarget section */
		BCFD95B01C02EEC4007F96EE /* two */ = {
			isa = PBXNativeTarget;
			buildConfigurationList = BCFD95D41C02EEC4007F96EE /* Build configuration list for PBXNativeTarget "two" */;
			buildPhases = (
				BCFD95AD1C02EEC4007F96EE /* Sources */,
				BCFD95AE1C02EEC4007F96EE /* Frameworks */,
				BCFD95AF1C02EEC4007F96EE /* Resources */,
			);
			buildRules = (
			);
			dependencies = (
			);
			name = two;
			productName = two;
			productReference = BCFD95B11C02EEC4007F96EE /* two.app */;
			productType = "com.apple.product-type.application";
		};
		BCFD95C91C02EEC4007F96EE /* twoTests */ = {
			isa = PBXNativeTarget;
			buildConfigurationList = BCFD95D71C02EEC4007F96EE /* Build configuration list for PBXNativeTarget "twoTests" */;
			buildPhases = (
				BCFD95C61C02EEC4007F96EE /* Sources */,
				BCFD95C71C02EEC4007F96EE /* Frameworks */,
				BCFD95C81C02EEC4007F96EE /* Resources */,
			);
			buildRules = (
			);
			dependencies = (
				BCFD95CC1C02EEC4007F96EE /* PBXTargetDependency */,
			);
			name = twoTests;
			productName = twoTests;
			productReference = BCFD95CA1C02EEC4007F96EE /* twoTests.xctest */;
			productType = "com.apple.product-type.bundle.unit-test";
		};
/* End PBXNativeTarget section */

/* Begin PBXProject section */
		BCFD95A91C02EEC4007F96EE /* Project object */ = {
			isa = PBXProject;
			attributes = {
				LastUpgradeCheck = 0640;
				ORGANIZATIONNAME = qianfeng;
				TargetAttributes = {
					BCFD95B01C02EEC4007F96EE = {
						CreatedOnToolsVersion = 6.4;
					};
					BCFD95C91C02EEC4007F96EE = {
						CreatedOnToolsVersion = 6.4;
						TestTargetID = BCFD95B01C02EEC4007F96EE;
					};
				};
			};
			buildConfigurationList = BCFD95AC1C02EEC4007F96EE /* Build configuration list for PBXProject "two" */;
			compatibilityVersion = "Xcode 3.2";
			developmentRegion = English;
			hasScannedForEncodings = 0;
			knownRegions = (
				en,
				Base,
			);
			mainGroup = BCFD95A81C02EEC4007F96EE;
			productRefGroup = BCFD95B21C02EEC4007F96EE /* Products */;
			projectDirPath = "";
			projectRoot = "";
			targets = (
				BCFD95B01C02EEC4007F96EE /* two */,
				BCFD95C91C02EEC4007F96EE /* twoTests */,
			);
		};
/* End PBXProject section */

/* Begin PBXResourcesBuildPhase section */
		BCFD95AF1C02EEC4007F96EE /* Resources */ = {
			isa = PBXResourcesBuildPhase;
			buildActionMask = 2147483647;
			files = (
				BCFD95C01C02EEC4007F96EE /* Main.storyboard in Resources */,
				BCFD95C51C02EEC4007F96EE /* LaunchScreen.xib in Resources */,
				BCFD95C21C02EEC4007F96EE /* Images.xcassets in Resources */,
			);
			runOnlyForDeploymentPostprocessing = 0;
		};
		BCFD95C81C02EEC4007F96EE /* Resources */ = {
			isa = PBXResourcesBuildPhase;
			buildActionMask = 2147483647;
			files = (
			);
			runOnlyForDeploymentPostprocessing = 0;
		};
/* End PBXResourcesBuildPhase section */

/* Begin PBXSourcesBuildPhase section */
		BCFD95AD1C02EEC4007F96EE /* Sources */ = {
			isa = PBXSourcesBuildPhase;
			buildActionMask = 2147483647;
			files = (
				BCFD95BD1C02EEC4007F96EE /* ViewController.m in Sources */,
				BCFD95BA1C02EEC4007F96EE /* AppDelegate.m in Sources */,
				BCFD95B71C02EEC4007F96EE /* main.m in Sources */,
			);
			runOnlyForDeploymentPostprocessing = 0;
		};
		BCFD95C61C02EEC4007F96EE /* Sources */ = {
			isa = PBXSourcesBuildPhase;
			buildActionMask = 2147483647;
			files = (
				BCFD95D11C02EEC4007F96EE /* twoTests.m in Sources */,
			);
			runOnlyForDeploymentPostprocessing = 0;
		};
/* End PBXSourcesBuildPhase section */

/* Begin PBXTargetDependency section */
		BCFD95CC1C02EEC4007F96EE /* PBXTargetDependency */ = {
			isa = PBXTargetDependency;
			target = BCFD95B01C02EEC4007F96EE /* two */;
			targetProxy = BCFD95CB1C02EEC4007F96EE /* PBXContainerItemProxy */;
		};
/* End PBXTargetDependency section */

/* Begin PBXVariantGroup section */
		BCFD95BE1C02EEC4007F96EE /* Main.storyboard */ = {
			isa = PBXVariantGroup;
			children = (
				BCFD95BF1C02EEC4007F96EE /* Base */,
			);
			name = Main.storyboard;
			sourceTree = "<group>";
		};
		BCFD95C31C02EEC4007F96EE /* LaunchScreen.xib */ = {
			isa = PBXVariantGroup;
			children = (
				BCFD95C41C02EEC4007F96EE /* Base */,
			);
			name = LaunchScreen.xib;
			sourceTree = "<group>";
		};
/* End PBXVariantGroup section */

/* Begin XCBuildConfiguration section */
		BCFD95D21C02EEC4007F96EE /* Debug */ = {
			isa = XCBuildConfiguration;
			buildSettings = {
				ALWAYS_SEARCH_USER_PATHS = NO;
				CLANG_CXX_LANGUAGE_STANDARD = "gnu++0x";
				CLANG_CXX_LIBRARY = "libc++";
				CLANG_ENABLE_MODULES = YES;
				CLANG_ENABLE_OBJC_ARC = YES;
				CLANG_WARN_BOOL_CONVERSION = YES;
				CLANG_WARN_CONSTANT_CONVERSION = YES;
				CLANG_WARN_DIRECT_OBJC_ISA_USAGE = YES_ERROR;
				CLANG_WARN_EMPTY_BODY = YES;
				CLANG_WARN_ENUM_CONVERSION = YES;
				CLANG_WARN_INT_CONVERSION = YES;
				CLANG_WARN_OBJC_ROOT_CLASS = YES_ERROR;
				CLANG_WARN_UNREACHABLE_CODE = YES;
				CLANG_WARN__DUPLICATE_METHOD_MATCH = YES;
				"CODE_SIGN_IDENTITY[sdk=iphoneos*]" = "iPhone Developer";
				COPY_PHASE_STRIP = NO;
				DEBUG_INFORMATION_FORMAT = "dwarf-with-dsym";
				ENABLE_STRICT_OBJC_MSGSEND = YES;
				GCC_C_LANGUAGE_STANDARD = gnu99;
				GCC_DYNAMIC_NO_PIC = NO;
				GCC_NO_COMMON_BLOCKS = YES;
				GCC_OPTIMIZATION_LEVEL = 0;
				GCC_PREPROCESSOR_DEFINITIONS = (
					"DEBUG=1",
					"$(inherited)",
				);
				GCC_SYMBOLS_PRIVATE_EXTERN = NO;
				GCC_WARN_64_TO_32_BIT_CONVERSION = YES;
				GCC_WARN_ABOUT_RETURN_TYPE = YES_ERROR;
				GCC_WARN_UNDECLARED_SELECTOR = YES;
				GCC_WARN_UNINITIALIZED_AUTOS = YES_AGGRESSIVE;
				GCC_WARN_UNUSED_FUNCTION = YES;
				GCC_WARN_UNUSED_VARIABLE = YES;
				IPHONEOS_DEPLOYMENT_TARGET = 8.4;
				MTL_ENABLE_DEBUG_INFO = YES;
				ONLY_ACTIVE_ARCH = YES;
				SDKROOT = iphoneos;
			};
			name = Debug;
		};
		BCFD95D31C02EEC4007F96EE /* Release */ = {
			isa = XCBuildConfiguration;
			buildSettings = {
				ALWAYS_SEARCH_USER_PATHS = NO;
				CLANG_CXX_LANGUAGE_STANDARD = "gnu++0x";
				CLANG_CXX_LIBRARY = "libc++";
				CLANG_ENABLE_MODULES = YES;
				CLANG_ENABLE_OBJC_ARC = YES;
				CLANG_WARN_BOOL_CONVERSION = YES;
				CLANG_WARN_CONSTANT_CONVERSION = YES;
				CLANG_WARN_DIRECT_OBJC_ISA_USAGE = YES_ERROR;
				CLANG_WARN_EMPTY_BODY = YES;
				CLANG_WARN_ENUM_CONVERSION = YES;
				CLANG_WARN_INT_CONVERSION = YES;
				CLANG_WARN_OBJC_ROOT_CLASS = YES_ERROR;
				CLANG_WARN_UNREACHABLE_CODE = YES;
				CLANG_WARN__DUPLICATE_METHOD_MATCH = YES;
				"CODE_SIGN_IDENTITY[sdk=iphoneos*]" = "iPhone Developer";
				COPY_PHASE_STRIP = NO;
				DEBUG_INFORMATION_FORMAT = "dwarf-with-dsym";
				ENABLE_NS_ASSERTIONS = NO;
				ENABLE_STRICT_OBJC_MSGSEND = YES;
				GCC_C_LANGUAGE_STANDARD = gnu99;
				GCC_NO_COMMON_BLOCKS = YES;
				GCC_WARN_64_TO_32_BIT_CONVERSION = YES;
				GCC_WARN_ABOUT_RETURN_TYPE = YES_ERROR;
				GCC_WARN_UNDECLARED_SELECTOR = YES;
				GCC_WARN_UNINITIALIZED_AUTOS = YES_AGGRESSIVE;
				GCC_WARN_UNUSED_FUNCTION = YES;
				GCC_WARN_UNUSED_VARIABLE = YES;
				IPHONEOS_DEPLOYMENT_TARGET = 8.4;
				MTL_ENABLE_DEBUG_INFO = NO;
				SDKROOT = iphoneos;
				VALIDATE_PRODUCT = YES;
			};
			name = Release;
		};
		BCFD95D51C02EEC4007F96EE /* Debug */ = {
			isa = XCBuildConfiguration;
			buildSettings = {
				ASSETCATALOG_COMPILER_APPICON_NAME = AppIcon;
				INFOPLIST_FILE = two/Info.plist;
				LD_RUNPATH_SEARCH_PATHS = "$(inherited) @executable_path/Frameworks";
				PRODUCT_NAME = "$(TARGET_NAME)";
			};
			name = Debug;
		};
		BCFD95D61C02EEC4007F96EE /* Release */ = {
			isa = XCBuildConfiguration;
			buildSettings = {
				ASSETCATALOG_COMPILER_APPICON_NAME = AppIcon;
				INFOPLIST_FILE = two/Info.plist;
				LD_RUNPATH_SEARCH_PATHS = "$(inherited) @executable_path/Frameworks";
				PRODUCT_NAME = "$(TARGET_NAME)";
			};
			name = Release;
		};
		BCFD95D81C02EEC4007F96EE /* Debug */ = {
			isa = XCBuildConfiguration;
			buildSettings = {
				BUNDLE_LOADER = "$(TEST_HOST)";
				FRAMEWORK_SEARCH_PATHS = (
					"$(SDKROOT)/Developer/Library/Frameworks",
					"$(inherited)",
				);
				GCC_PREPROCESSOR_DEFINITIONS = (
					"DEBUG=1",
					"$(inherited)",
				);
				INFOPLIST_FILE = twoTests/Info.plist;
				LD_RUNPATH_SEARCH_PATHS = "$(inherited) @executable_path/Frameworks @loader_path/Frameworks";
				PRODUCT_NAME = "$(TARGET_NAME)";
				TEST_HOST = "$(BUILT_PRODUCTS_DIR)/two.app/two";
			};
			name = Debug;
		};
		BCFD95D91C02EEC4007F96EE /* Release */ = {
			isa = XCBuildConfiguration;
			buildSettings = {
				BUNDLE_LOADER = "$(TEST_HOST)";
				FRAMEWORK_SEARCH_PATHS = (
					"$(SDKROOT)/Developer/Library/Frameworks",
					"$(inherited)",
				);
				INFOPLIST_FILE = twoTests/Info.plist;
				LD_RUNPATH_SEARCH_PATHS = "$(inherited) @executable_path/Frameworks @loader_path/Frameworks";
				PRODUCT_NAME = "$(TARGET_NAME)";
				TEST_HOST = "$(BUILT_PRODUCTS_DIR)/two.app/two";
			};
			name = Release;
		};
/* End XCBuildConfiguration section */

/* Begin XCConfigurationList section */
		BCFD95AC1C02EEC4007F96EE /* Build configuration list for PBXProject "two" */ = {
			isa = XCConfigurationList;
			buildConfigurations = (
				BCFD95D21C02EEC4007F96EE /* Debug */,
				BCFD95D31C02EEC4007F96EE /* Release */,
			);
			defaultConfigurationIsVisible = 0;
			defaultConfigurationName = Release;
		};
		BCFD95D41C02EEC4007F96EE /* Build configuration list for PBXNativeTarget "two" */ = {
			isa = XCConfigurationList;
			buildConfigurations = (
				BCFD95D51C02EEC4007F96EE /* Debug */,
				BCFD95D61C02EEC4007F96EE /* Release */,
			);
			defaultConfigurationIsVisible = 0;
		};
		BCFD95D71C02EEC4007F96EE /* Build configuration list for PBXNativeTarget "twoTests" */ = {
			isa = XCConfigurationList;
			buildConfigurations = (
				BCFD95D81C02EEC4007F96EE /* Debug */,
				BCFD95D91C02EEC4007F96EE /* Release */,
			);
			defaultConfigurationIsVisible = 0;
		};
/* End XCConfigurationList section */
	};
	rootObject = BCFD95A91C02EEC4007F96EE /* Project object */;
}
